{
    "_readme": [
        "This file locks the dependencies of your project to a known state",
        "Read more about it at https://getcomposer.org/doc/01-basic-usage.md#composer-lock-the-lock-file",
        "This file is @generated automatically"
    ],
    "content-hash": "71494f8a0a5db4b6a414a1004fdaeb5e",
    "packages": [
        {
            "name": "gap/db",
            "version": "v2.0.1",
            "source": {
                "type": "git",
                "url": "https://github.com/gaptree/gap-php-db.git",
                "reference": "63427835db33477621e6b1dc91c18017b0d7b80a"
            },
            "dist": {
                "type": "zip",
                "url": "https://files.phpcomposer.com/files/gaptree/gap-php-db/63427835db33477621e6b1dc91c18017b0d7b80a.zip",
                "reference": "63427835db33477621e6b1dc91c18017b0d7b80a",
                "shasum": ""
            },
            "require": {
                "gap/dto": "^1.0",
                "php": ">=7.1.0"
            },
            "require-dev": {
                "phpmd/phpmd": "^2.6",
                "phpstan/phpstan": "^0.9.2",
                "phpunit/phpunit": "^7.0",
                "squizlabs/php_codesniffer": "^3.2"
            },
            "type": "library",
            "autoload": {
                "psr-4": {
                    "Gap\\Db\\": "src"
                }
            },
            "notification-url": "https://packagist.org/downloads/",
            "authors": [
                {
                    "name": "zhanjh",
                    "email": "zhanjh@126.com"
                }
            ],
            "description": "Gap Database",
            "homepage": "https://github.com/gaptree/gap-php-db",
            "keywords": [
                "gap"
            ],
            "time": "2018-04-22T11:48:11+00:00"
        },
        {
            "name": "gap/dto",
            "version": "v1.0.3",
            "source": {
                "type": "git",
                "url": "https://project.tecposter.cn/diffusion/75/gap-php-dto.git",
                "reference": "8024f1d8274cdf38ec2d49243ddd0ad00c7a8a8a"
            },
            "require": {
                "php": ">=7.1.0"
            },
            "type": "library",
            "autoload": {
                "psr-4": {
                    "Gap\\Dto\\": "src"
                }
            },
            "notification-url": "https://packagist.org/downloads/",
            "license": [
                "MIT"
            ],
            "authors": [
                {
                    "name": "zhanjh",
                    "email": "zhanjh@126.com"
                }
            ],
            "description": "Gap Dto",
            "homepage": "https://project.tecposter.cn/diffusion/75/",
            "keywords": [
                "dto",
                "gap"
            ],
            "time": "2018-02-24T08:30:18+00:00"
        },
        {
            "name": "gap/open-contract",
            "version": "1.0.1",
            "source": {
                "type": "git",
                "url": "https://project.tecposter.cn/diffusion/71/gap-php-open-contract.git",
                "reference": "ebae2c7bdc2ab4e3d0f3161181f76d562b2e11ac"
            },
            "require": {
                "gap/open-dto": "^1.0",
                "php": ">=7.1.0"
            },
            "type": "library",
            "autoload": {
                "psr-4": {
                    "Gap\\Open\\Contract\\": "src"
                }
            },
            "notification-url": "https://packagist.org/downloads/",
            "license": [
                "MIT"
            ],
            "authors": [
                {
                    "name": "zhanjh",
                    "email": "zhanjh@126.com"
                }
            ],
            "description": "Gap Open Contract",
            "homepage": "https://project.tecposter.cn/diffusion/71/",
            "keywords": [
                "gap",
                "oauth2"
            ],
            "time": "2017-12-17T12:49:35+00:00"
        },
        {
            "name": "gap/open-dto",
            "version": "1.0.5",
            "source": {
                "type": "git",
                "url": "https://project.tecposter.cn/diffusion/66/gap-php-open-dto.git",
                "reference": "2b5737325ba39ce454c2d223ecb5fa72703a91c2"
            },
            "require": {
                "gap/dto": "^1.0",
                "php": ">=7.1.0"
            },
            "type": "library",
            "autoload": {
                "psr-4": {
                    "Gap\\Open\\Dto\\": "src"
                }
            },
            "notification-url": "https://packagist.org/downloads/",
            "license": [
                "MIT"
            ],
            "authors": [
                {
                    "name": "zhanjh",
                    "email": "zhanjh@126.com"
                }
            ],
            "description": "Gap Open Dto",
            "homepage": "https://project.tecposter.cn/diffusion/66/",
            "keywords": [
                "gap"
            ],
            "time": "2017-12-25T12:08:09+00:00"
        }
    ],
    "packages-dev": [],
    "aliases": [],
    "minimum-stability": "stable",
    "stability-flags": [],
    "prefer-stable": false,
    "prefer-lowest": false,
    "platform": {
        "php": ">=7.1.0"
    },
    "platform-dev": []
}
